
Microsoft Visual Studio Solution File, Format Version 12.00
# Visual Studio Version 17
VisualStudioVersion = 17.5.002.0
MinimumVisualStudioVersion = 10.0.40219.1
Project("{2150E333-8FDC-42A3-9474-1A3956D46DE8}") = "dotnet-demoapp-master", "dotnet-demoapp-master", "{479A43EB-53E1-4B79-A9F6-3B0259839F59}"
EndProject
Project("{9A19103F-16F7-4668-BE54-9A1E7A4F7556}") = "dotnet-demoapp", "dotnet-demoapp-master\src\dotnet-demoapp.csproj", "{EFED514A-3018-433B-9014-9D4446859289}"
EndProject
Project("{9A19103F-16F7-4668-BE54-9A1E7A4F7556}") = "tests", "dotnet-demoapp-master\tests\tests.csproj", "{062BE266-BC44-4E53-A74A-C97C24CF300B}"
EndProject
Global
	GlobalSection(SolutionConfigurationPlatforms) = preSolution
		Debug|Any CPU = Debug|Any CPU
		Release|Any CPU = Release|Any CPU
	EndGlobalSection
	GlobalSection(ProjectConfigurationPlatforms) = postSolution
		{EFED514A-3018-433B-9014-9D4446859289}.Debug|Any CPU.ActiveCfg = Debug|Any CPU
		{EFED514A-3018-433B-9014-9D4446859289}.Debug|Any CPU.Build.0 = Debug|Any CPU
		{EFED514A-3018-433B-9014-9D4446859289}.Release|Any CPU.ActiveCfg = Release|Any CPU
		{EFED514A-3018-433B-9014-9D4446859289}.Release|Any CPU.Build.0 = Release|Any CPU
		{062BE266-BC44-4E53-A74A-C97C24CF300B}.Debug|Any CPU.ActiveCfg = Debug|Any CPU
		{062BE266-BC44-4E53-A74A-C97C24CF300B}.Debug|Any CPU.Build.0 = Debug|Any CPU
		{062BE266-BC44-4E53-A74A-C97C24CF300B}.Release|Any CPU.ActiveCfg = Release|Any CPU
		{062BE266-BC44-4E53-A74A-C97C24CF300B}.Release|Any CPU.Build.0 = Release|Any CPU
	EndGlobalSection
	GlobalSection(SolutionProperties) = preSolution
		HideSolutionNode = FALSE
	EndGlobalSection
	GlobalSection(NestedProjects) = preSolution
		{EFED514A-3018-433B-9014-9D4446859289} = {479A43EB-53E1-4B79-A9F6-3B0259839F59}
		{062BE266-BC44-4E53-A74A-C97C24CF300B} = {479A43EB-53E1-4B79-A9F6-3B0259839F59}
	EndGlobalSection
	GlobalSection(ExtensibilityGlobals) = postSolution
		SolutionGuid = {6CF97066-844B-4C90-94C9-B844B9B3A503}
	EndGlobalSection
EndGlobal
